
Microsoft Visual Studio Solution File, Format Version 12.00
# Visual Studio Version 16
VisualStudioVersion = 16.0.31019.35
MinimumVisualStudioVersion = 10.0.40219.1
Project("{888888A0-9F3D-457C-B088-3A5042F75D52}") = "JeuDuTroll", "JeuDuTroll\JeuDuTroll.pyproj", "{088F5E13-3A07-419D-B532-A9F1B09A0246}"
EndProject
Global
	GlobalSection(SolutionConfigurationPlatforms) = preSolution
		Debug|Any CPU = Debug|Any CPU
		Release|Any CPU = Release|Any CPU
	EndGlobalSection
	GlobalSection(ProjectConfigurationPlatforms) = postSolution
		{088F5E13-3A07-419D-B532-A9F1B09A0246}.Debug|Any CPU.ActiveCfg = Debug|Any CPU
		{088F5E13-3A07-419D-B532-A9F1B09A0246}.Release|Any CPU.ActiveCfg = Release|Any CPU
	EndGlobalSection
	GlobalSection(SolutionProperties) = preSolution
		HideSolutionNode = FALSE
	EndGlobalSection
	GlobalSection(ExtensibilityGlobals) = postSolution
		SolutionGuid = {1F462620-D2D1-404A-8C57-3354CF04A458}
	EndGlobalSection
EndGlobal
